
Microsoft Visual Studio Solution File, Format Version 12.00
# Visual Studio 2012
Project("{E24C65DC-7377-472B-9ABA-BC803B73C61A}") = "CodePlay(1)", "http://localhost:63658", "{F06B9C36-63FE-475E-A3EE-3B96394673A3}"
	ProjectSection(WebsiteProperties) = preProject
		UseIISExpress = "true"
		TargetFrameworkMoniker = ".NETFramework,Version%3Dv4.5"
		Debug.AspNetCompiler.VirtualPath = "/CodePlay"
		Debug.AspNetCompiler.PhysicalPath = "..\CodePlay\"
		Debug.AspNetCompiler.TargetPath = "PrecompiledWeb\CodePlay\"
		Debug.AspNetCompiler.Updateable = "true"
		Debug.AspNetCompiler.ForceOverwrite = "true"
		Debug.AspNetCompiler.FixedNames = "false"
		Debug.AspNetCompiler.Debug = "True"
		Release.AspNetCompiler.VirtualPath = "/CodePlay"
		Release.AspNetCompiler.PhysicalPath = "..\CodePlay\"
		Release.AspNetCompiler.TargetPath = "PrecompiledWeb\CodePlay\"
		Release.AspNetCompiler.Updateable = "true"
		Release.AspNetCompiler.ForceOverwrite = "true"
		Release.AspNetCompiler.FixedNames = "false"
		Release.AspNetCompiler.Debug = "False"
		SlnRelativePath = "..\CodePlay\"
	EndProjectSection
EndProject
Global
	GlobalSection(SolutionConfigurationPlatforms) = preSolution
		Debug|Any CPU = Debug|Any CPU
	EndGlobalSection
	GlobalSection(ProjectConfigurationPlatforms) = postSolution
		{F06B9C36-63FE-475E-A3EE-3B96394673A3}.Debug|Any CPU.ActiveCfg = Debug|Any CPU
		{F06B9C36-63FE-475E-A3EE-3B96394673A3}.Debug|Any CPU.Build.0 = Debug|Any CPU
	EndGlobalSection
	GlobalSection(SolutionProperties) = preSolution
		HideSolutionNode = FALSE
	EndGlobalSection
EndGlobal
